// !$*UTF8*$!
{
	archiveVersion = 1;
	classes = {
	};
	objectVersion = 48;
	objects = {

/* Begin PBXBuildFile section */
		851F5AEE206A024500446089 /* RoundedButton.swift in Sources */ = {isa = PBXBuildFile; fileRef = 851F5AEC206A024500446089 /* RoundedButton.swift */; };
		851F5AEF206A024500446089 /* MenuStackView.swift in Sources */ = {isa = PBXBuildFile; fileRef = 851F5AED206A024500446089 /* MenuStackView.swift */; };
		851F5AF1206A02A000446089 /* MenuStakcItem.swift in Sources */ = {isa = PBXBuildFile; fileRef = 851F5AF0206A02A000446089 /* MenuStakcItem.swift */; };
		852D46C3206891400090EBED /* UICollection+Extensions.swift in Sources */ = {isa = PBXBuildFile; fileRef = 852D46C2206891400090EBED /* UICollection+Extensions.swift */; };
		855E7074206F2829003751A8 /* PowerPanelTextField.swift in Sources */ = {isa = PBXBuildFile; fileRef = 855E7073206F2829003751A8 /* PowerPanelTextField.swift */; };
		85606271206C630000884858 /* HierachyCell.swift in Sources */ = {isa = PBXBuildFile; fileRef = 85606270206C630000884858 /* HierachyCell.swift */; };
		85606273206DE08200884858 /* HierarchyIteractor.swift in Sources */ = {isa = PBXBuildFile; fileRef = 85606272206DE08200884858 /* HierarchyIteractor.swift */; };
		85606276206DF89600884858 /* SCNScene+Glow.swift in Sources */ = {isa = PBXBuildFile; fileRef = 85606275206DF89600884858 /* SCNScene+Glow.swift */; };
		8565E262206B5BFC0094AC4E /* ARPowerPanels.swift in Sources */ = {isa = PBXBuildFile; fileRef = 8565E261206B5BFC0094AC4E /* ARPowerPanels.swift */; };
		8565E265206B5E630094AC4E /* SceneCreator.swift in Sources */ = {isa = PBXBuildFile; fileRef = 8565E264206B5E630094AC4E /* SceneCreator.swift */; };
		8565E269206B6AC10094AC4E /* HierachyPanel.swift in Sources */ = {isa = PBXBuildFile; fileRef = 8565E268206B6AC10094AC4E /* HierachyPanel.swift */; };
		8565E284206B72390094AC4E /* LabelCell.swift in Sources */ = {isa = PBXBuildFile; fileRef = 8565E26B206B72380094AC4E /* LabelCell.swift */; };
		8565E285206B72390094AC4E /* CellActions.swift in Sources */ = {isa = PBXBuildFile; fileRef = 8565E26D206B72380094AC4E /* CellActions.swift */; };
		8565E286206B72390094AC4E /* CellConfigType.swift in Sources */ = {isa = PBXBuildFile; fileRef = 8565E26E206B72380094AC4E /* CellConfigType.swift */; };
		8565E287206B72390094AC4E /* CellStyle.swift in Sources */ = {isa = PBXBuildFile; fileRef = 8565E26F206B72380094AC4E /* CellStyle.swift */; };
		8565E288206B72390094AC4E /* CollectionCell.swift in Sources */ = {isa = PBXBuildFile; fileRef = 8565E271206B72380094AC4E /* CollectionCell.swift */; };
		8565E289206B72390094AC4E /* CollectionItemConfigType.swift in Sources */ = {isa = PBXBuildFile; fileRef = 8565E272206B72380094AC4E /* CollectionItemConfigType.swift */; };
		8565E28A206B72390094AC4E /* FunctionalCollectionData.swift in Sources */ = {isa = PBXBuildFile; fileRef = 8565E273206B72380094AC4E /* FunctionalCollectionData.swift */; };
		8565E28B206B72390094AC4E /* UICollectionView+Reusable.swift in Sources */ = {isa = PBXBuildFile; fileRef = 8565E274206B72380094AC4E /* UICollectionView+Reusable.swift */; };
		8565E28C206B72390094AC4E /* HostCell.swift in Sources */ = {isa = PBXBuildFile; fileRef = 8565E275206B72380094AC4E /* HostCell.swift */; };
		8565E28D206B72390094AC4E /* Info.plist in Resources */ = {isa = PBXBuildFile; fileRef = 8565E276206B72380094AC4E /* Info.plist */; };
		8565E28E206B72390094AC4E /* Reusable.swift in Sources */ = {isa = PBXBuildFile; fileRef = 8565E277206B72380094AC4E /* Reusable.swift */; };
		8565E28F206B72390094AC4E /* Separator.swift in Sources */ = {isa = PBXBuildFile; fileRef = 8565E278206B72380094AC4E /* Separator.swift */; };
		8565E290206B72390094AC4E /* TableItemLayout.swift in Sources */ = {isa = PBXBuildFile; fileRef = 8565E279206B72380094AC4E /* TableItemLayout.swift */; };
		8565E291206B72390094AC4E /* TableSection.swift in Sources */ = {isa = PBXBuildFile; fileRef = 8565E27A206B72380094AC4E /* TableSection.swift */; };
		8565E292206B72390094AC4E /* TableSectionChangeSet.swift in Sources */ = {isa = PBXBuildFile; fileRef = 8565E27B206B72380094AC4E /* TableSectionChangeSet.swift */; };
		8565E293206B72390094AC4E /* TableSectionHeaderFooter.swift in Sources */ = {isa = PBXBuildFile; fileRef = 8565E27C206B72380094AC4E /* TableSectionHeaderFooter.swift */; };
		8565E294206B72390094AC4E /* FunctionalTableData.swift in Sources */ = {isa = PBXBuildFile; fileRef = 8565E27E206B72380094AC4E /* FunctionalTableData.swift */; };
		8565E295206B72390094AC4E /* TableCell.swift in Sources */ = {isa = PBXBuildFile; fileRef = 8565E27F206B72380094AC4E /* TableCell.swift */; };
		8565E296206B72390094AC4E /* TableItemConfigType.swift in Sources */ = {isa = PBXBuildFile; fileRef = 8565E280206B72380094AC4E /* TableItemConfigType.swift */; };
		8565E297206B72390094AC4E /* UITableView+Reusable.swift in Sources */ = {isa = PBXBuildFile; fileRef = 8565E281206B72380094AC4E /* UITableView+Reusable.swift */; };
		8565E298206B72390094AC4E /* UIView+AutoLayout.swift in Sources */ = {isa = PBXBuildFile; fileRef = 8565E282206B72380094AC4E /* UIView+AutoLayout.swift */; };
		8565E299206B72390094AC4E /* UIView+Extensions.swift in Sources */ = {isa = PBXBuildFile; fileRef = 8565E283206B72380094AC4E /* UIView+Extensions.swift */; };
		8565E29C206B730D0094AC4E /* HostCell+StateType.swift in Sources */ = {isa = PBXBuildFile; fileRef = 8565E29B206B730D0094AC4E /* HostCell+StateType.swift */; };
		858A15C9206B438100A63DA2 /* Panel.swift in Sources */ = {isa = PBXBuildFile; fileRef = 858A15C8206B438100A63DA2 /* Panel.swift */; };
		85C65894205F061500DF7B49 /* AppDelegate.swift in Sources */ = {isa = PBXBuildFile; fileRef = 85C65893205F061500DF7B49 /* AppDelegate.swift */; };
		85C65896205F061500DF7B49 /* art.scnassets in Resources */ = {isa = PBXBuildFile; fileRef = 85C65895205F061500DF7B49 /* art.scnassets */; };
		85C65898205F061500DF7B49 /* ARKitViewController.swift in Sources */ = {isa = PBXBuildFile; fileRef = 85C65897205F061500DF7B49 /* ARKitViewController.swift */; };
		85C6589B205F061500DF7B49 /* Main.storyboard in Resources */ = {isa = PBXBuildFile; fileRef = 85C65899205F061500DF7B49 /* Main.storyboard */; };
		85C6589D205F061500DF7B49 /* Assets.xcassets in Resources */ = {isa = PBXBuildFile; fileRef = 85C6589C205F061500DF7B49 /* Assets.xcassets */; };
		85C658A0205F061500DF7B49 /* LaunchScreen.storyboard in Resources */ = {isa = PBXBuildFile; fileRef = 85C6589E205F061500DF7B49 /* LaunchScreen.storyboard */; };
		85C658A9205F074100DF7B49 /* SceneKitViewController.swift in Sources */ = {isa = PBXBuildFile; fileRef = 85C658A8205F074100DF7B49 /* SceneKitViewController.swift */; };
		85C658B6205F0D9C00DF7B49 /* SliderTextView.swift in Sources */ = {isa = PBXBuildFile; fileRef = 85C658B5205F0D9C00DF7B49 /* SliderTextView.swift */; };
		85C658B8205F17F900DF7B49 /* DecimalTextField.swift in Sources */ = {isa = PBXBuildFile; fileRef = 85C658B7205F17F900DF7B49 /* DecimalTextField.swift */; };
		85C658BC205F5FC500DF7B49 /* ModelAssetType.swift in Sources */ = {isa = PBXBuildFile; fileRef = 85C658BB205F5FC500DF7B49 /* ModelAssetType.swift */; };
		85C658BE205F63E700DF7B49 /* NodeCreator.swift in Sources */ = {isa = PBXBuildFile; fileRef = 85C658BD205F63E700DF7B49 /* NodeCreator.swift */; };
		85C658C3205F643D00DF7B49 /* 3DUtilities.swift in Sources */ = {isa = PBXBuildFile; fileRef = 85C658C0205F643C00DF7B49 /* 3DUtilities.swift */; };
		85C658C4205F643D00DF7B49 /* ARSCNView+HitTest.swift in Sources */ = {isa = PBXBuildFile; fileRef = 85C658C1205F643C00DF7B49 /* ARSCNView+HitTest.swift */; };
		85C658C5205F643D00DF7B49 /* SCNVector3+Extensions.swift in Sources */ = {isa = PBXBuildFile; fileRef = 85C658C2205F643C00DF7B49 /* SCNVector3+Extensions.swift */; };
		85C658C8205F7C1E00DF7B49 /* SliderVector3View.swift in Sources */ = {isa = PBXBuildFile; fileRef = 85C658C7205F7C1E00DF7B49 /* SliderVector3View.swift */; };
		85CCE23F2064861B000560C3 /* Constraints+Activation+Priority.swift in Sources */ = {isa = PBXBuildFile; fileRef = 85CCE23B2064861B000560C3 /* Constraints+Activation+Priority.swift */; };
		85CCE2402064861B000560C3 /* Constrainable.swift in Sources */ = {isa = PBXBuildFile; fileRef = 85CCE23C2064861B000560C3 /* Constrainable.swift */; };
		85CCE2412064861B000560C3 /* UIView+Constraints.swift in Sources */ = {isa = PBXBuildFile; fileRef = 85CCE23D2064861B000560C3 /* UIView+Constraints.swift */; };
		85CCE2422064861B000560C3 /* NibView.swift in Sources */ = {isa = PBXBuildFile; fileRef = 85CCE23E2064861B000560C3 /* NibView.swift */; };
		85CCE245206486D4000560C3 /* SliderInputsView.swift in Sources */ = {isa = PBXBuildFile; fileRef = 85CCE244206486D4000560C3 /* SliderInputsView.swift */; };
		85CCE2472064A64B000560C3 /* TransformationPanel.swift in Sources */ = {isa = PBXBuildFile; fileRef = 85CCE2462064A64B000560C3 /* TransformationPanel.swift */; };
		85CCE2492065BBC4000560C3 /* SliderVector4View.swift in Sources */ = {isa = PBXBuildFile; fileRef = 85CCE2482065BBC4000560C3 /* SliderVector4View.swift */; };
		85CCE24B2065C003000560C3 /* Font+Extensions.swift in Sources */ = {isa = PBXBuildFile; fileRef = 85CCE24A2065C003000560C3 /* Font+Extensions.swift */; };
		85CCE26D2066F04E000560C3 /* TransformationType.swift in Sources */ = {isa = PBXBuildFile; fileRef = 85CCE26C2066F04E000560C3 /* TransformationType.swift */; };
		85CCE27020671EDB000560C3 /* UIColor+Extensions.swift in Sources */ = {isa = PBXBuildFile; fileRef = 85CCE26F20671EDB000560C3 /* UIColor+Extensions.swift */; };
		85CCE272206723DE000560C3 /* PanelsPresenter.swift in Sources */ = {isa = PBXBuildFile; fileRef = 85CCE271206723DE000560C3 /* PanelsPresenter.swift */; };
		85CCE27620673F12000560C3 /* NodeRender.metal in Sources */ = {isa = PBXBuildFile; fileRef = 85CCE27420673F11000560C3 /* NodeRender.metal */; };
		85CCE27720673F12000560C3 /* NodeTechnique.plist in Resources */ = {isa = PBXBuildFile; fileRef = 85CCE27520673F11000560C3 /* NodeTechnique.plist */; };
/* End PBXBuildFile section */

/* Begin PBXFileReference section */
		851F5AEC206A024500446089 /* RoundedButton.swift */ = {isa = PBXFileReference; fileEncoding = 4; lastKnownFileType = sourcecode.swift; path = RoundedButton.swift; sourceTree = "<group>"; };
		851F5AED206A024500446089 /* MenuStackView.swift */ = {isa = PBXFileReference; fileEncoding = 4; lastKnownFileType = sourcecode.swift; path = MenuStackView.swift; sourceTree = "<group>"; };
		851F5AF0206A02A000446089 /* MenuStakcItem.swift */ = {isa = PBXFileReference; lastKnownFileType = sourcecode.swift; path = MenuStakcItem.swift; sourceTree = "<group>"; };
		852D46C2206891400090EBED /* UICollection+Extensions.swift */ = {isa = PBXFileReference; lastKnownFileType = sourcecode.swift; path = "UICollection+Extensions.swift"; sourceTree = "<group>"; };
		855E7073206F2829003751A8 /* PowerPanelTextField.swift */ = {isa = PBXFileReference; lastKnownFileType = sourcecode.swift; path = PowerPanelTextField.swift; sourceTree = "<group>"; };
		85606270206C630000884858 /* HierachyCell.swift */ = {isa = PBXFileReference; lastKnownFileType = sourcecode.swift; path = HierachyCell.swift; sourceTree = "<group>"; };
		85606272206DE08200884858 /* HierarchyIteractor.swift */ = {isa = PBXFileReference; lastKnownFileType = sourcecode.swift; path = HierarchyIteractor.swift; sourceTree = "<group>"; };
		85606275206DF89600884858 /* SCNScene+Glow.swift */ = {isa = PBXFileReference; lastKnownFileType = sourcecode.swift; path = "SCNScene+Glow.swift"; sourceTree = "<group>"; };
		8565E261206B5BFC0094AC4E /* ARPowerPanels.swift */ = {isa = PBXFileReference; lastKnownFileType = sourcecode.swift; path = ARPowerPanels.swift; sourceTree = "<group>"; };
		8565E264206B5E630094AC4E /* SceneCreator.swift */ = {isa = PBXFileReference; lastKnownFileType = sourcecode.swift; path = SceneCreator.swift; sourceTree = "<group>"; };
		8565E268206B6AC10094AC4E /* HierachyPanel.swift */ = {isa = PBXFileReference; lastKnownFileType = sourcecode.swift; path = HierachyPanel.swift; sourceTree = "<group>"; };
		8565E26B206B72380094AC4E /* LabelCell.swift */ = {isa = PBXFileReference; fileEncoding = 4; lastKnownFileType = sourcecode.swift; path = LabelCell.swift; sourceTree = "<group>"; };
		8565E26D206B72380094AC4E /* CellActions.swift */ = {isa = PBXFileReference; fileEncoding = 4; lastKnownFileType = sourcecode.swift; path = CellActions.swift; sourceTree = "<group>"; };
		8565E26E206B72380094AC4E /* CellConfigType.swift */ = {isa = PBXFileReference; fileEncoding = 4; lastKnownFileType = sourcecode.swift; path = CellConfigType.swift; sourceTree = "<group>"; };
		8565E26F206B72380094AC4E /* CellStyle.swift */ = {isa = PBXFileReference; fileEncoding = 4; lastKnownFileType = sourcecode.swift; path = CellStyle.swift; sourceTree = "<group>"; };
		8565E271206B72380094AC4E /* CollectionCell.swift */ = {isa = PBXFileReference; fileEncoding = 4; lastKnownFileType = sourcecode.swift; path = CollectionCell.swift; sourceTree = "<group>"; };
		8565E272206B72380094AC4E /* CollectionItemConfigType.swift */ = {isa = PBXFileReference; fileEncoding = 4; lastKnownFileType = sourcecode.swift; path = CollectionItemConfigType.swift; sourceTree = "<group>"; };
		8565E273206B72380094AC4E /* FunctionalCollectionData.swift */ = {isa = PBXFileReference; fileEncoding = 4; lastKnownFileType = sourcecode.swift; path = FunctionalCollectionData.swift; sourceTree = "<group>"; };
		8565E274206B72380094AC4E /* UICollectionView+Reusable.swift */ = {isa = PBXFileReference; fileEncoding = 4; lastKnownFileType = sourcecode.swift; path = "UICollectionView+Reusable.swift"; sourceTree = "<group>"; };
		8565E275206B72380094AC4E /* HostCell.swift */ = {isa = PBXFileReference; fileEncoding = 4; lastKnownFileType = sourcecode.swift; path = HostCell.swift; sourceTree = "<group>"; };
		8565E276206B72380094AC4E /* Info.plist */ = {isa = PBXFileReference; fileEncoding = 4; lastKnownFileType = text.plist.xml; path = Info.plist; sourceTree = "<group>"; };
		8565E277206B72380094AC4E /* Reusable.swift */ = {isa = PBXFileReference; fileEncoding = 4; lastKnownFileType = sourcecode.swift; path = Reusable.swift; sourceTree = "<group>"; };
		8565E278206B72380094AC4E /* Separator.swift */ = {isa = PBXFileReference; fileEncoding = 4; lastKnownFileType = sourcecode.swift; path = Separator.swift; sourceTree = "<group>"; };
		8565E279206B72380094AC4E /* TableItemLayout.swift */ = {isa = PBXFileReference; fileEncoding = 4; lastKnownFileType = sourcecode.swift; path = TableItemLayout.swift; sourceTree = "<group>"; };
		8565E27A206B72380094AC4E /* TableSection.swift */ = {isa = PBXFileReference; fileEncoding = 4; lastKnownFileType = sourcecode.swift; path = TableSection.swift; sourceTree = "<group>"; };
		8565E27B206B72380094AC4E /* TableSectionChangeSet.swift */ = {isa = PBXFileReference; fileEncoding = 4; lastKnownFileType = sourcecode.swift; path = TableSectionChangeSet.swift; sourceTree = "<group>"; };
		8565E27C206B72380094AC4E /* TableSectionHeaderFooter.swift */ = {isa = PBXFileReference; fileEncoding = 4; lastKnownFileType = sourcecode.swift; path = TableSectionHeaderFooter.swift; sourceTree = "<group>"; };
		8565E27E206B72380094AC4E /* FunctionalTableData.swift */ = {isa = PBXFileReference; fileEncoding = 4; lastKnownFileType = sourcecode.swift; path = FunctionalTableData.swift; sourceTree = "<group>"; };
		8565E27F206B72380094AC4E /* TableCell.swift */ = {isa = PBXFileReference; fileEncoding = 4; lastKnownFileType = sourcecode.swift; path = TableCell.swift; sourceTree = "<group>"; };
		8565E280206B72380094AC4E /* TableItemConfigType.swift */ = {isa = PBXFileReference; fileEncoding = 4; lastKnownFileType = sourcecode.swift; path = TableItemConfigType.swift; sourceTree = "<group>"; };
		8565E281206B72380094AC4E /* UITableView+Reusable.swift */ = {isa = PBXFileReference; fileEncoding = 4; lastKnownFileType = sourcecode.swift; path = "UITableView+Reusable.swift"; sourceTree = "<group>"; };
		8565E282206B72380094AC4E /* UIView+AutoLayout.swift */ = {isa = PBXFileReference; fileEncoding = 4; lastKnownFileType = sourcecode.swift; path = "UIView+AutoLayout.swift"; sourceTree = "<group>"; };
		8565E283206B72380094AC4E /* UIView+Extensions.swift */ = {isa = PBXFileReference; fileEncoding = 4; lastKnownFileType = sourcecode.swift; path = "UIView+Extensions.swift"; sourceTree = "<group>"; };
		8565E29B206B730D0094AC4E /* HostCell+StateType.swift */ = {isa = PBXFileReference; lastKnownFileType = sourcecode.swift; path = "HostCell+StateType.swift"; sourceTree = "<group>"; };
		858A15C8206B438100A63DA2 /* Panel.swift */ = {isa = PBXFileReference; lastKnownFileType = sourcecode.swift; path = Panel.swift; sourceTree = "<group>"; };
		85C65890205F061500DF7B49 /* ARPowerPanels.app */ = {isa = PBXFileReference; explicitFileType = wrapper.application; includeInIndex = 0; path = ARPowerPanels.app; sourceTree = BUILT_PRODUCTS_DIR; };
		85C65893205F061500DF7B49 /* AppDelegate.swift */ = {isa = PBXFileReference; lastKnownFileType = sourcecode.swift; path = AppDelegate.swift; sourceTree = "<group>"; };
		85C65895205F061500DF7B49 /* art.scnassets */ = {isa = PBXFileReference; lastKnownFileType = wrapper.scnassets; path = art.scnassets; sourceTree = "<group>"; };
		85C65897205F061500DF7B49 /* ARKitViewController.swift */ = {isa = PBXFileReference; lastKnownFileType = sourcecode.swift; path = ARKitViewController.swift; sourceTree = "<group>"; };
		85C6589A205F061500DF7B49 /* Base */ = {isa = PBXFileReference; lastKnownFileType = file.storyboard; name = Base; path = Base.lproj/Main.storyboard; sourceTree = "<group>"; };
		85C6589C205F061500DF7B49 /* Assets.xcassets */ = {isa = PBXFileReference; lastKnownFileType = folder.assetcatalog; path = Assets.xcassets; sourceTree = "<group>"; };
		85C6589F205F061500DF7B49 /* Base */ = {isa = PBXFileReference; lastKnownFileType = file.storyboard; name = Base; path = Base.lproj/LaunchScreen.storyboard; sourceTree = "<group>"; };
		85C658A1205F061500DF7B49 /* Info.plist */ = {isa = PBXFileReference; lastKnownFileType = text.plist.xml; path = Info.plist; sourceTree = "<group>"; };
		85C658A8205F074100DF7B49 /* SceneKitViewController.swift */ = {isa = PBXFileReference; lastKnownFileType = sourcecode.swift; path = SceneKitViewController.swift; sourceTree = "<group>"; };
		85C658B5205F0D9C00DF7B49 /* SliderTextView.swift */ = {isa = PBXFileReference; lastKnownFileType = sourcecode.swift; path = SliderTextView.swift; sourceTree = "<group>"; };
		85C658B7205F17F900DF7B49 /* DecimalTextField.swift */ = {isa = PBXFileReference; lastKnownFileType = sourcecode.swift; path = DecimalTextField.swift; sourceTree = "<group>"; };
		85C658BB205F5FC500DF7B49 /* ModelAssetType.swift */ = {isa = PBXFileReference; lastKnownFileType = sourcecode.swift; path = ModelAssetType.swift; sourceTree = "<group>"; };
		85C658BD205F63E700DF7B49 /* NodeCreator.swift */ = {isa = PBXFileReference; lastKnownFileType = sourcecode.swift; path = NodeCreator.swift; sourceTree = "<group>"; };
		85C658C0205F643C00DF7B49 /* 3DUtilities.swift */ = {isa = PBXFileReference; fileEncoding = 4; lastKnownFileType = sourcecode.swift; path = 3DUtilities.swift; sourceTree = "<group>"; };
		85C658C1205F643C00DF7B49 /* ARSCNView+HitTest.swift */ = {isa = PBXFileReference; fileEncoding = 4; lastKnownFileType = sourcecode.swift; path = "ARSCNView+HitTest.swift"; sourceTree = "<group>"; };
		85C658C2205F643C00DF7B49 /* SCNVector3+Extensions.swift */ = {isa = PBXFileReference; fileEncoding = 4; lastKnownFileType = sourcecode.swift; path = "SCNVector3+Extensions.swift"; sourceTree = "<group>"; };
		85C658C7205F7C1E00DF7B49 /* SliderVector3View.swift */ = {isa = PBXFileReference; lastKnownFileType = sourcecode.swift; path = SliderVector3View.swift; sourceTree = "<group>"; };
		85CCE23B2064861B000560C3 /* Constraints+Activation+Priority.swift */ = {isa = PBXFileReference; fileEncoding = 4; lastKnownFileType = sourcecode.swift; path = "Constraints+Activation+Priority.swift"; sourceTree = "<group>"; };
		85CCE23C2064861B000560C3 /* Constrainable.swift */ = {isa = PBXFileReference; fileEncoding = 4; lastKnownFileType = sourcecode.swift; path = Constrainable.swift; sourceTree = "<group>"; };
		85CCE23D2064861B000560C3 /* UIView+Constraints.swift */ = {isa = PBXFileReference; fileEncoding = 4; lastKnownFileType = sourcecode.swift; path = "UIView+Constraints.swift"; sourceTree = "<group>"; };
		85CCE23E2064861B000560C3 /* NibView.swift */ = {isa = PBXFileReference; fileEncoding = 4; lastKnownFileType = sourcecode.swift; path = NibView.swift; sourceTree = "<group>"; };
		85CCE244206486D4000560C3 /* SliderInputsView.swift */ = {isa = PBXFileReference; lastKnownFileType = sourcecode.swift; path = SliderInputsView.swift; sourceTree = "<group>"; };
		85CCE2462064A64B000560C3 /* TransformationPanel.swift */ = {isa = PBXFileReference; lastKnownFileType = sourcecode.swift; path = TransformationPanel.swift; sourceTree = "<group>"; };
		85CCE2482065BBC4000560C3 /* SliderVector4View.swift */ = {isa = PBXFileReference; lastKnownFileType = sourcecode.swift; path = SliderVector4View.swift; sourceTree = "<group>"; };
		85CCE24A2065C003000560C3 /* Font+Extensions.swift */ = {isa = PBXFileReference; lastKnownFileType = sourcecode.swift; path = "Font+Extensions.swift"; sourceTree = "<group>"; };
		85CCE26C2066F04E000560C3 /* TransformationType.swift */ = {isa = PBXFileReference; lastKnownFileType = sourcecode.swift; path = TransformationType.swift; sourceTree = "<group>"; };
		85CCE26F20671EDB000560C3 /* UIColor+Extensions.swift */ = {isa = PBXFileReference; lastKnownFileType = sourcecode.swift; path = "UIColor+Extensions.swift"; sourceTree = "<group>"; };
		85CCE271206723DE000560C3 /* PanelsPresenter.swift */ = {isa = PBXFileReference; lastKnownFileType = sourcecode.swift; path = PanelsPresenter.swift; sourceTree = "<group>"; };
		85CCE27420673F11000560C3 /* NodeRender.metal */ = {isa = PBXFileReference; fileEncoding = 4; lastKnownFileType = sourcecode.metal; path = NodeRender.metal; sourceTree = "<group>"; };
		85CCE27520673F11000560C3 /* NodeTechnique.plist */ = {isa = PBXFileReference; fileEncoding = 4; lastKnownFileType = text.plist.xml; path = NodeTechnique.plist; sourceTree = "<group>"; };
/* End PBXFileReference section */

/* Begin PBXFrameworksBuildPhase section */
		85C6588D205F061500DF7B49 /* Frameworks */ = {
			isa = PBXFrameworksBuildPhase;
			buildActionMask = 2147483647;
			files = (
			);
			runOnlyForDeploymentPostprocessing = 0;
		};
/* End PBXFrameworksBuildPhase section */

/* Begin PBXGroup section */
		852D46BF20688A260090EBED /* Menu Collection */ = {
			isa = PBXGroup;
			children = (
				851F5AED206A024500446089 /* MenuStackView.swift */,
				851F5AEC206A024500446089 /* RoundedButton.swift */,
				851F5AF0206A02A000446089 /* MenuStakcItem.swift */,
			);
			path = "Menu Collection";
			sourceTree = "<group>";
		};
		85606274206DF87900884858 /* Utilities */ = {
			isa = PBXGroup;
			children = (
				85606275206DF89600884858 /* SCNScene+Glow.swift */,
			);
			path = Utilities;
			sourceTree = "<group>";
		};
		8565E263206B5E4D0094AC4E /* Scene */ = {
			isa = PBXGroup;
			children = (
				8565E264206B5E630094AC4E /* SceneCreator.swift */,
			);
			path = Scene;
			sourceTree = "<group>";
		};
		8565E266206B6A310094AC4E /* ARPowerPanels */ = {
			isa = PBXGroup;
			children = (
				85606274206DF87900884858 /* Utilities */,
				852D46BF20688A260090EBED /* Menu Collection */,
				85CCE243206486BB000560C3 /* TransformationPanel */,
				8565E267206B6A920094AC4E /* HierachyPanel */,
				8565E261206B5BFC0094AC4E /* ARPowerPanels.swift */,
				85CCE271206723DE000560C3 /* PanelsPresenter.swift */,
				858A15C8206B438100A63DA2 /* Panel.swift */,
			);
			path = ARPowerPanels;
			sourceTree = "<group>";
		};
		8565E267206B6A920094AC4E /* HierachyPanel */ = {
			isa = PBXGroup;
			children = (
				8565E268206B6AC10094AC4E /* HierachyPanel.swift */,
				85606272206DE08200884858 /* HierarchyIteractor.swift */,
			);
			path = HierachyPanel;
			sourceTree = "<group>";
		};
		8565E26A206B72380094AC4E /* FTD Cells */ = {
			isa = PBXGroup;
			children = (
				8565E26B206B72380094AC4E /* LabelCell.swift */,
				85606270206C630000884858 /* HierachyCell.swift */,
			);
			path = "FTD Cells";
			sourceTree = "<group>";
		};
		8565E26C206B72380094AC4E /* FTD Original */ = {
			isa = PBXGroup;
			children = (
				8565E26D206B72380094AC4E /* CellActions.swift */,
				8565E26E206B72380094AC4E /* CellConfigType.swift */,
				8565E26F206B72380094AC4E /* CellStyle.swift */,
				8565E270206B72380094AC4E /* CollectionView */,
				8565E275206B72380094AC4E /* HostCell.swift */,
				8565E276206B72380094AC4E /* Info.plist */,
				8565E277206B72380094AC4E /* Reusable.swift */,
				8565E278206B72380094AC4E /* Separator.swift */,
				8565E279206B72380094AC4E /* TableItemLayout.swift */,
				8565E27A206B72380094AC4E /* TableSection.swift */,
				8565E27B206B72380094AC4E /* TableSectionChangeSet.swift */,
				8565E27C206B72380094AC4E /* TableSectionHeaderFooter.swift */,
				8565E27D206B72380094AC4E /* TableView */,
				8565E282206B72380094AC4E /* UIView+AutoLayout.swift */,
				8565E283206B72380094AC4E /* UIView+Extensions.swift */,
			);
			path = "FTD Original";
			sourceTree = "<group>";
		};
		8565E270206B72380094AC4E /* CollectionView */ = {
			isa = PBXGroup;
			children = (
				8565E271206B72380094AC4E /* CollectionCell.swift */,
				8565E272206B72380094AC4E /* CollectionItemConfigType.swift */,
				8565E273206B72380094AC4E /* FunctionalCollectionData.swift */,
				8565E274206B72380094AC4E /* UICollectionView+Reusable.swift */,
			);
			path = CollectionView;
			sourceTree = "<group>";
		};
		8565E27D206B72380094AC4E /* TableView */ = {
			isa = PBXGroup;
			children = (
				8565E27E206B72380094AC4E /* FunctionalTableData.swift */,
				8565E27F206B72380094AC4E /* TableCell.swift */,
				8565E280206B72380094AC4E /* TableItemConfigType.swift */,
				8565E281206B72380094AC4E /* UITableView+Reusable.swift */,
			);
			path = TableView;
			sourceTree = "<group>";
		};
		8565E29A206B72F70094AC4E /* FTD Helpers */ = {
			isa = PBXGroup;
			children = (
				8565E29B206B730D0094AC4E /* HostCell+StateType.swift */,
			);
			path = "FTD Helpers";
			sourceTree = "<group>";
		};
		85C65887205F061500DF7B49 = {
			isa = PBXGroup;
			children = (
				85C65892205F061500DF7B49 /* ARPowerPanels */,
				85C65891205F061500DF7B49 /* Products */,
			);
			sourceTree = "<group>";
		};
		85C65891205F061500DF7B49 /* Products */ = {
			isa = PBXGroup;
			children = (
				85C65890205F061500DF7B49 /* ARPowerPanels.app */,
			);
			name = Products;
			sourceTree = "<group>";
		};
		85C65892205F061500DF7B49 /* ARPowerPanels */ = {
			isa = PBXGroup;
			children = (
				8565E266206B6A310094AC4E /* ARPowerPanels */,
				8565E263206B5E4D0094AC4E /* Scene */,
				85C658AA205F07A600DF7B49 /* Extensions */,
				85C658A7205F072600DF7B49 /* View Controllers */,
				85C658B9205F5FA500DF7B49 /* Nodes */,
				85C65893205F061500DF7B49 /* AppDelegate.swift */,
				85C65895205F061500DF7B49 /* art.scnassets */,
				85C65899205F061500DF7B49 /* Main.storyboard */,
				85C6589C205F061500DF7B49 /* Assets.xcassets */,
				85C6589E205F061500DF7B49 /* LaunchScreen.storyboard */,
				85C658A1205F061500DF7B49 /* Info.plist */,
			);
			path = ARPowerPanels;
			sourceTree = "<group>";
		};
		85C658A7205F072600DF7B49 /* View Controllers */ = {
			isa = PBXGroup;
			children = (
				85C658A8205F074100DF7B49 /* SceneKitViewController.swift */,
				85C65897205F061500DF7B49 /* ARKitViewController.swift */,
			);
			path = "View Controllers";
			sourceTree = "<group>";
		};
		85C658AA205F07A600DF7B49 /* Extensions */ = {
			isa = PBXGroup;
			children = (
				85C658AB205F07DF00DF7B49 /* 2DUtilities */,
				85C658BF205F643C00DF7B49 /* 3DUtilities */,
				85CCE24A2065C003000560C3 /* Font+Extensions.swift */,
				85CCE26F20671EDB000560C3 /* UIColor+Extensions.swift */,
			);
			path = Extensions;
			sourceTree = "<group>";
		};
		85C658AB205F07DF00DF7B49 /* 2DUtilities */ = {
			isa = PBXGroup;
			children = (
				8565E29A206B72F70094AC4E /* FTD Helpers */,
				8565E26A206B72380094AC4E /* FTD Cells */,
				8565E26C206B72380094AC4E /* FTD Original */,
				852D46C2206891400090EBED /* UICollection+Extensions.swift */,
				85CCE23A206485CF000560C3 /* NeatConstraints */,
			);
			path = 2DUtilities;
			sourceTree = "<group>";
		};
		85C658B9205F5FA500DF7B49 /* Nodes */ = {
			isa = PBXGroup;
			children = (
				85C658BA205F5FB400DF7B49 /* Models */,
			);
			path = Nodes;
			sourceTree = "<group>";
		};
		85C658BA205F5FB400DF7B49 /* Models */ = {
			isa = PBXGroup;
			children = (
				85C658BB205F5FC500DF7B49 /* ModelAssetType.swift */,
				85C658BD205F63E700DF7B49 /* NodeCreator.swift */,
			);
			path = Models;
			sourceTree = "<group>";
		};
		85C658BF205F643C00DF7B49 /* 3DUtilities */ = {
			isa = PBXGroup;
			children = (
				85CCE27320673ED6000560C3 /* Glow */,
				85C658C0205F643C00DF7B49 /* 3DUtilities.swift */,
				85C658C1205F643C00DF7B49 /* ARSCNView+HitTest.swift */,
				85C658C2205F643C00DF7B49 /* SCNVector3+Extensions.swift */,
			);
			path = 3DUtilities;
			sourceTree = "<group>";
		};
		85CCE23A206485CF000560C3 /* NeatConstraints */ = {
			isa = PBXGroup;
			children = (
				85CCE23C2064861B000560C3 /* Constrainable.swift */,
				85CCE23B2064861B000560C3 /* Constraints+Activation+Priority.swift */,
				85CCE23E2064861B000560C3 /* NibView.swift */,
				85CCE23D2064861B000560C3 /* UIView+Constraints.swift */,
			);
			path = NeatConstraints;
			sourceTree = "<group>";
		};
		85CCE243206486BB000560C3 /* TransformationPanel */ = {
			isa = PBXGroup;
			children = (
				85CCE26E206701D9000560C3 /* Slider Input Views */,
				85CCE26C2066F04E000560C3 /* TransformationType.swift */,
				85CCE2462064A64B000560C3 /* TransformationPanel.swift */,
				855E7073206F2829003751A8 /* PowerPanelTextField.swift */,
			);
			path = TransformationPanel;
			sourceTree = "<group>";
		};
		85CCE26E206701D9000560C3 /* Slider Input Views */ = {
			isa = PBXGroup;
			children = (
				85C658C7205F7C1E00DF7B49 /* SliderVector3View.swift */,
				85CCE2482065BBC4000560C3 /* SliderVector4View.swift */,
				85CCE244206486D4000560C3 /* SliderInputsView.swift */,
				85C658B5205F0D9C00DF7B49 /* SliderTextView.swift */,
				85C658B7205F17F900DF7B49 /* DecimalTextField.swift */,
			);
			path = "Slider Input Views";
			sourceTree = "<group>";
		};
		85CCE27320673ED6000560C3 /* Glow */ = {
			isa = PBXGroup;
			children = (
				85CCE27420673F11000560C3 /* NodeRender.metal */,
				85CCE27520673F11000560C3 /* NodeTechnique.plist */,
			);
			path = Glow;
			sourceTree = "<group>";
		};
/* End PBXGroup section */

/* Begin PBXNativeTarget section */
		85C6588F205F061500DF7B49 /* ARPowerPanels */ = {
			isa = PBXNativeTarget;
			buildConfigurationList = 85C658A4205F061500DF7B49 /* Build configuration list for PBXNativeTarget "ARPowerPanels" */;
			buildPhases = (
				85C6588C205F061500DF7B49 /* Sources */,
				85C6588D205F061500DF7B49 /* Frameworks */,
				85C6588E205F061500DF7B49 /* Resources */,
			);
			buildRules = (
			);
			dependencies = (
			);
			name = ARPowerPanels;
			productName = ARPlanets;
			productReference = 85C65890205F061500DF7B49 /* ARPowerPanels.app */;
			productType = "com.apple.product-type.application";
		};
/* End PBXNativeTarget section */

/* Begin PBXProject section */
		85C65888205F061500DF7B49 /* Project object */ = {
			isa = PBXProject;
			attributes = {
				LastSwiftUpdateCheck = 0920;
				LastUpgradeCheck = 0920;
				ORGANIZATIONNAME = "Pei Sun";
				TargetAttributes = {
					85C6588F205F061500DF7B49 = {
						CreatedOnToolsVersion = 9.2;
						ProvisioningStyle = Automatic;
					};
				};
			};
			buildConfigurationList = 85C6588B205F061500DF7B49 /* Build configuration list for PBXProject "ARPowerPanels" */;
			compatibilityVersion = "Xcode 8.0";
			developmentRegion = en;
			hasScannedForEncodings = 0;
			knownRegions = (
				en,
				Base,
			);
			mainGroup = 85C65887205F061500DF7B49;
			productRefGroup = 85C65891205F061500DF7B49 /* Products */;
			projectDirPath = "";
			projectRoot = "";
			targets = (
				85C6588F205F061500DF7B49 /* ARPowerPanels */,
			);
		};
/* End PBXProject section */

/* Begin PBXResourcesBuildPhase section */
		85C6588E205F061500DF7B49 /* Resources */ = {
			isa = PBXResourcesBuildPhase;
			buildActionMask = 2147483647;
			files = (
				85CCE27720673F12000560C3 /* NodeTechnique.plist in Resources */,
				85C65896205F061500DF7B49 /* art.scnassets in Resources */,
				8565E28D206B72390094AC4E /* Info.plist in Resources */,
				85C658A0205F061500DF7B49 /* LaunchScreen.storyboard in Resources */,
				85C6589D205F061500DF7B49 /* Assets.xcassets in Resources */,
				85C6589B205F061500DF7B49 /* Main.storyboard in Resources */,
			);
			runOnlyForDeploymentPostprocessing = 0;
		};
/* End PBXResourcesBuildPhase section */

/* Begin PBXSourcesBuildPhase section */
		85C6588C205F061500DF7B49 /* Sources */ = {
			isa = PBXSourcesBuildPhase;
			buildActionMask = 2147483647;
			files = (
				8565E296206B72390094AC4E /* TableItemConfigType.swift in Sources */,
				8565E298206B72390094AC4E /* UIView+AutoLayout.swift in Sources */,
				8565E28B206B72390094AC4E /* UICollectionView+Reusable.swift in Sources */,
				85CCE272206723DE000560C3 /* PanelsPresenter.swift in Sources */,
				85606276206DF89600884858 /* SCNScene+Glow.swift in Sources */,
				85C658C4205F643D00DF7B49 /* ARSCNView+HitTest.swift in Sources */,
				85CCE2472064A64B000560C3 /* TransformationPanel.swift in Sources */,
				85C658A9205F074100DF7B49 /* SceneKitViewController.swift in Sources */,
				85CCE27620673F12000560C3 /* NodeRender.metal in Sources */,
				85C65898205F061500DF7B49 /* ARKitViewController.swift in Sources */,
				8565E28C206B72390094AC4E /* HostCell.swift in Sources */,
				85CCE27020671EDB000560C3 /* UIColor+Extensions.swift in Sources */,
				85C658B6205F0D9C00DF7B49 /* SliderTextView.swift in Sources */,
				8565E29C206B730D0094AC4E /* HostCell+StateType.swift in Sources */,
				85CCE26D2066F04E000560C3 /* TransformationType.swift in Sources */,
				85C658B8205F17F900DF7B49 /* DecimalTextField.swift in Sources */,
				8565E284206B72390094AC4E /* LabelCell.swift in Sources */,
				8565E288206B72390094AC4E /* CollectionCell.swift in Sources */,
				852D46C3206891400090EBED /* UICollection+Extensions.swift in Sources */,
				85C658C8205F7C1E00DF7B49 /* SliderVector3View.swift in Sources */,
				8565E299206B72390094AC4E /* UIView+Extensions.swift in Sources */,
				8565E286206B72390094AC4E /* CellConfigType.swift in Sources */,
				8565E28F206B72390094AC4E /* Separator.swift in Sources */,
				8565E295206B72390094AC4E /* TableCell.swift in Sources */,
				851F5AEF206A024500446089 /* MenuStackView.swift in Sources */,
				8565E28A206B72390094AC4E /* FunctionalCollectionData.swift in Sources */,
				8565E294206B72390094AC4E /* FunctionalTableData.swift in Sources */,
				8565E285206B72390094AC4E /* CellActions.swift in Sources */,
				85CCE245206486D4000560C3 /* SliderInputsView.swift in Sources */,
				8565E289206B72390094AC4E /* CollectionItemConfigType.swift in Sources */,
				85C658BE205F63E700DF7B49 /* NodeCreator.swift in Sources */,
				85CCE2402064861B000560C3 /* Constrainable.swift in Sources */,
				8565E290206B72390094AC4E /* TableItemLayout.swift in Sources */,
				8565E262206B5BFC0094AC4E /* ARPowerPanels.swift in Sources */,
				8565E297206B72390094AC4E /* UITableView+Reusable.swift in Sources */,
				85C658BC205F5FC500DF7B49 /* ModelAssetType.swift in Sources */,
				85C658C3205F643D00DF7B49 /* 3DUtilities.swift in Sources */,
				85606273206DE08200884858 /* HierarchyIteractor.swift in Sources */,
				85C65894205F061500DF7B49 /* AppDelegate.swift in Sources */,
				8565E293206B72390094AC4E /* TableSectionHeaderFooter.swift in Sources */,
				8565E269206B6AC10094AC4E /* HierachyPanel.swift in Sources */,
				85CCE2422064861B000560C3 /* NibView.swift in Sources */,
				855E7074206F2829003751A8 /* PowerPanelTextField.swift in Sources */,
				85606271206C630000884858 /* HierachyCell.swift in Sources */,
				85CCE2412064861B000560C3 /* UIView+Constraints.swift in Sources */,
				85CCE24B2065C003000560C3 /* Font+Extensions.swift in Sources */,
				8565E291206B72390094AC4E /* TableSection.swift in Sources */,
				858A15C9206B438100A63DA2 /* Panel.swift in Sources */,
				851F5AEE206A024500446089 /* RoundedButton.swift in Sources */,
				85CCE2492065BBC4000560C3 /* SliderVector4View.swift in Sources */,
				8565E28E206B72390094AC4E /* Reusable.swift in Sources */,
				8565E292206B72390094AC4E /* TableSectionChangeSet.swift in Sources */,
				851F5AF1206A02A000446089 /* MenuStakcItem.swift in Sources */,
				85CCE23F2064861B000560C3 /* Constraints+Activation+Priority.swift in Sources */,
				8565E287206B72390094AC4E /* CellStyle.swift in Sources */,
				85C658C5205F643D00DF7B49 /* SCNVector3+Extensions.swift in Sources */,
				8565E265206B5E630094AC4E /* SceneCreator.swift in Sources */,
			);
			runOnlyForDeploymentPostprocessing = 0;
		};
/* End PBXSourcesBuildPhase section */

/* Begin PBXVariantGroup section */
		85C65899205F061500DF7B49 /* Main.storyboard */ = {
			isa = PBXVariantGroup;
			children = (
				85C6589A205F061500DF7B49 /* Base */,
			);
			name = Main.storyboard;
			sourceTree = "<group>";
		};
		85C6589E205F061500DF7B49 /* LaunchScreen.storyboard */ = {
			isa = PBXVariantGroup;
			children = (
				85C6589F205F061500DF7B49 /* Base */,
			);
			name = LaunchScreen.storyboard;
			sourceTree = "<group>";
		};
/* End PBXVariantGroup section */

/* Begin XCBuildConfiguration section */
		85C658A2205F061500DF7B49 /* Debug */ = {
			isa = XCBuildConfiguration;
			buildSettings = {
				ALWAYS_SEARCH_USER_PATHS = NO;
				CLANG_ANALYZER_NONNULL = YES;
				CLANG_ANALYZER_NUMBER_OBJECT_CONVERSION = YES_AGGRESSIVE;
				CLANG_CXX_LANGUAGE_STANDARD = "gnu++14";
				CLANG_CXX_LIBRARY = "libc++";
				CLANG_ENABLE_MODULES = YES;
				CLANG_ENABLE_OBJC_ARC = YES;
				CLANG_WARN_BLOCK_CAPTURE_AUTORELEASING = YES;
				CLANG_WARN_BOOL_CONVERSION = YES;
				CLANG_WARN_COMMA = YES;
				CLANG_WARN_CONSTANT_CONVERSION = YES;
				CLANG_WARN_DIRECT_OBJC_ISA_USAGE = YES_ERROR;
				CLANG_WARN_DOCUMENTATION_COMMENTS = YES;
				CLANG_WARN_EMPTY_BODY = YES;
				CLANG_WARN_ENUM_CONVERSION = YES;
				CLANG_WARN_INFINITE_RECURSION = YES;
				CLANG_WARN_INT_CONVERSION = YES;
				CLANG_WARN_NON_LITERAL_NULL_CONVERSION = YES;
				CLANG_WARN_OBJC_LITERAL_CONVERSION = YES;
				CLANG_WARN_OBJC_ROOT_CLASS = YES_ERROR;
				CLANG_WARN_RANGE_LOOP_ANALYSIS = YES;
				CLANG_WARN_STRICT_PROTOTYPES = YES;
				CLANG_WARN_SUSPICIOUS_MOVE = YES;
				CLANG_WARN_UNGUARDED_AVAILABILITY = YES_AGGRESSIVE;
				CLANG_WARN_UNREACHABLE_CODE = YES;
				CLANG_WARN__DUPLICATE_METHOD_MATCH = YES;
				CODE_SIGN_IDENTITY = "iPhone Developer";
				COPY_PHASE_STRIP = NO;
				DEBUG_INFORMATION_FORMAT = dwarf;
				ENABLE_STRICT_OBJC_MSGSEND = YES;
				ENABLE_TESTABILITY = YES;
				GCC_C_LANGUAGE_STANDARD = gnu11;
				GCC_DYNAMIC_NO_PIC = NO;
				GCC_NO_COMMON_BLOCKS = YES;
				GCC_OPTIMIZATION_LEVEL = 0;
				GCC_PREPROCESSOR_DEFINITIONS = (
					"DEBUG=1",
					"$(inherited)",
				);
				GCC_WARN_64_TO_32_BIT_CONVERSION = YES;
				GCC_WARN_ABOUT_RETURN_TYPE = YES_ERROR;
				GCC_WARN_UNDECLARED_SELECTOR = YES;
				GCC_WARN_UNINITIALIZED_AUTOS = YES_AGGRESSIVE;
				GCC_WARN_UNUSED_FUNCTION = YES;
				GCC_WARN_UNUSED_VARIABLE = YES;
				IPHONEOS_DEPLOYMENT_TARGET = 11.2;
				MTL_ENABLE_DEBUG_INFO = YES;
				ONLY_ACTIVE_ARCH = YES;
				SDKROOT = iphoneos;
				SWIFT_ACTIVE_COMPILATION_CONDITIONS = DEBUG;
				SWIFT_OPTIMIZATION_LEVEL = "-Onone";
			};
			name = Debug;
		};
		85C658A3205F061500DF7B49 /* Release */ = {
			isa = XCBuildConfiguration;
			buildSettings = {
				ALWAYS_SEARCH_USER_PATHS = NO;
				CLANG_ANALYZER_NONNULL = YES;
				CLANG_ANALYZER_NUMBER_OBJECT_CONVERSION = YES_AGGRESSIVE;
				CLANG_CXX_LANGUAGE_STANDARD = "gnu++14";
				CLANG_CXX_LIBRARY = "libc++";
				CLANG_ENABLE_MODULES = YES;
				CLANG_ENABLE_OBJC_ARC = YES;
				CLANG_WARN_BLOCK_CAPTURE_AUTORELEASING = YES;
				CLANG_WARN_BOOL_CONVERSION = YES;
				CLANG_WARN_COMMA = YES;
				CLANG_WARN_CONSTANT_CONVERSION = YES;
				CLANG_WARN_DIRECT_OBJC_ISA_USAGE = YES_ERROR;
				CLANG_WARN_DOCUMENTATION_COMMENTS = YES;
				CLANG_WARN_EMPTY_BODY = YES;
				CLANG_WARN_ENUM_CONVERSION = YES;
				CLANG_WARN_INFINITE_RECURSION = YES;
				CLANG_WARN_INT_CONVERSION = YES;
				CLANG_WARN_NON_LITERAL_NULL_CONVERSION = YES;
				CLANG_WARN_OBJC_LITERAL_CONVERSION = YES;
				CLANG_WARN_OBJC_ROOT_CLASS = YES_ERROR;
				CLANG_WARN_RANGE_LOOP_ANALYSIS = YES;
				CLANG_WARN_STRICT_PROTOTYPES = YES;
				CLANG_WARN_SUSPICIOUS_MOVE = YES;
				CLANG_WARN_UNGUARDED_AVAILABILITY = YES_AGGRESSIVE;
				CLANG_WARN_UNREACHABLE_CODE = YES;
				CLANG_WARN__DUPLICATE_METHOD_MATCH = YES;
				CODE_SIGN_IDENTITY = "iPhone Developer";
				COPY_PHASE_STRIP = NO;
				DEBUG_INFORMATION_FORMAT = "dwarf-with-dsym";
				ENABLE_NS_ASSERTIONS = NO;
				ENABLE_STRICT_OBJC_MSGSEND = YES;
				GCC_C_LANGUAGE_STANDARD = gnu11;
				GCC_NO_COMMON_BLOCKS = YES;
				GCC_WARN_64_TO_32_BIT_CONVERSION = YES;
				GCC_WARN_ABOUT_RETURN_TYPE = YES_ERROR;
				GCC_WARN_UNDECLARED_SELECTOR = YES;
				GCC_WARN_UNINITIALIZED_AUTOS = YES_AGGRESSIVE;
				GCC_WARN_UNUSED_FUNCTION = YES;
				GCC_WARN_UNUSED_VARIABLE = YES;
				IPHONEOS_DEPLOYMENT_TARGET = 11.2;
				MTL_ENABLE_DEBUG_INFO = NO;
				SDKROOT = iphoneos;
				SWIFT_OPTIMIZATION_LEVEL = "-Owholemodule";
				VALIDATE_PRODUCT = YES;
			};
			name = Release;
		};
		85C658A5205F061500DF7B49 /* Debug */ = {
			isa = XCBuildConfiguration;
			buildSettings = {
				ASSETCATALOG_COMPILER_APPICON_NAME = AppIcon;
				CODE_SIGN_STYLE = Automatic;
				DEVELOPMENT_TEAM = 66T4X4PK9Q;
				INFOPLIST_FILE = ARPowerPanels/Info.plist;
				IPHONEOS_DEPLOYMENT_TARGET = 11.2;
				LD_RUNPATH_SEARCH_PATHS = "$(inherited) @executable_path/Frameworks";
				PRODUCT_BUNDLE_IDENTIFIER = com.peisun.ARPowerPanelsDemo;
				PRODUCT_NAME = "$(TARGET_NAME)";
				SWIFT_VERSION = 4.0;
				TARGETED_DEVICE_FAMILY = "1,2";
			};
			name = Debug;
		};
		85C658A6205F061500DF7B49 /* Release */ = {
			isa = XCBuildConfiguration;
			buildSettings = {
				ASSETCATALOG_COMPILER_APPICON_NAME = AppIcon;
				CODE_SIGN_STYLE = Automatic;
				DEVELOPMENT_TEAM = 66T4X4PK9Q;
				INFOPLIST_FILE = ARPowerPanels/Info.plist;
				IPHONEOS_DEPLOYMENT_TARGET = 11.2;
				LD_RUNPATH_SEARCH_PATHS = "$(inherited) @executable_path/Frameworks";
				PRODUCT_BUNDLE_IDENTIFIER = com.peisun.ARPowerPanelsDemo;
				PRODUCT_NAME = "$(TARGET_NAME)";
				SWIFT_VERSION = 4.0;
				TARGETED_DEVICE_FAMILY = "1,2";
			};
			name = Release;
		};
/* End XCBuildConfiguration section */

/* Begin XCConfigurationList section */
		85C6588B205F061500DF7B49 /* Build configuration list for PBXProject "ARPowerPanels" */ = {
			isa = XCConfigurationList;
			buildConfigurations = (
				85C658A2205F061500DF7B49 /* Debug */,
				85C658A3205F061500DF7B49 /* Release */,
			);
			defaultConfigurationIsVisible = 0;
			defaultConfigurationName = Release;
		};
		85C658A4205F061500DF7B49 /* Build configuration list for PBXNativeTarget "ARPowerPanels" */ = {
			isa = XCConfigurationList;
			buildConfigurations = (
				85C658A5205F061500DF7B49 /* Debug */,
				85C658A6205F061500DF7B49 /* Release */,
			);
			defaultConfigurationIsVisible = 0;
			defaultConfigurationName = Release;
		};
/* End XCConfigurationList section */
	};
	rootObject = 85C65888205F061500DF7B49 /* Project object */;
}
